
Microsoft Visual Studio Solution File, Format Version 12.00
# Visual Studio Version 16
VisualStudioVersion = 16.0.29306.81
MinimumVisualStudioVersion = 10.0.40219.1
Project("{FAE04EC0-301F-11D3-BF4B-00C04F79EFBC}") = "WpfApp1", "WpfApp1\WpfApp1.csproj", "{B5FA602F-86EC-43A5-9949-3EECE014BBDC}"
EndProject
Global
	GlobalSection(SolutionConfigurationPlatforms) = preSolution
		Debug|Any CPU = Debug|Any CPU
		Release|Any CPU = Release|Any CPU
	EndGlobalSection
	GlobalSection(ProjectConfigurationPlatforms) = postSolution
		{B5FA602F-86EC-43A5-9949-3EECE014BBDC}.Debug|Any CPU.ActiveCfg = Debug|Any CPU
		{B5FA602F-86EC-43A5-9949-3EECE014BBDC}.Debug|Any CPU.Build.0 = Debug|Any CPU
		{B5FA602F-86EC-43A5-9949-3EECE014BBDC}.Release|Any CPU.ActiveCfg = Release|Any CPU
		{B5FA602F-86EC-43A5-9949-3EECE014BBDC}.Release|Any CPU.Build.0 = Release|Any CPU
	EndGlobalSection
	GlobalSection(SolutionProperties) = preSolution
		HideSolutionNode = FALSE
	EndGlobalSection
	GlobalSection(ExtensibilityGlobals) = postSolution
		SolutionGuid = {4CBD2218-8C5C-4A18-A7B4-C2096183D340}
	EndGlobalSection
EndGlobal
